// !$*UTF8*$!
{
	archiveVersion = 1;
	classes = {
	};
	objectVersion = 50;
	objects = {

/* Begin PBXBuildFile section */
		1931E9CC5732A034E4241F7F /* Pods_WildCharity.framework in Frameworks */ = {isa = PBXBuildFile; fileRef = 9959E5E81B88A71C73276496 /* Pods_WildCharity.framework */; };
		7447C889233E6174002A8550 /* AppDelegate.swift in Sources */ = {isa = PBXBuildFile; fileRef = 7447C888233E6174002A8550 /* AppDelegate.swift */; };
		7447C88D233E6174002A8550 /* ViewController.swift in Sources */ = {isa = PBXBuildFile; fileRef = 7447C88C233E6174002A8550 /* ViewController.swift */; };
		7447C890233E6174002A8550 /* Main.storyboard in Resources */ = {isa = PBXBuildFile; fileRef = 7447C88E233E6174002A8550 /* Main.storyboard */; };
		7447C892233E6174002A8550 /* Assets.xcassets in Resources */ = {isa = PBXBuildFile; fileRef = 7447C891233E6174002A8550 /* Assets.xcassets */; };
		7447C895233E6174002A8550 /* LaunchScreen.storyboard in Resources */ = {isa = PBXBuildFile; fileRef = 7447C893233E6174002A8550 /* LaunchScreen.storyboard */; };
		7447C89F233E6759002A8550 /* FundCell.swift in Sources */ = {isa = PBXBuildFile; fileRef = 7447C89E233E6759002A8550 /* FundCell.swift */; };
		7447C8A1233E83D5002A8550 /* MapViewController.swift in Sources */ = {isa = PBXBuildFile; fileRef = 7447C8A0233E83D5002A8550 /* MapViewController.swift */; };
		7447C8A3233F2F87002A8550 /* ARKit.framework in Frameworks */ = {isa = PBXBuildFile; fileRef = 7447C8A2233F2F87002A8550 /* ARKit.framework */; };
		7447C8A5233F4575002A8550 /* ARSessionViewController.swift in Sources */ = {isa = PBXBuildFile; fileRef = 7447C8A4233F4575002A8550 /* ARSessionViewController.swift */; };
		7447C8A7233F5093002A8550 /* FundViewController.swift in Sources */ = {isa = PBXBuildFile; fileRef = 7447C8A6233F5093002A8550 /* FundViewController.swift */; };
		74EE3140233F6F20007076C0 /* ARModels.scnassets in Resources */ = {isa = PBXBuildFile; fileRef = 74EE313F233F6F20007076C0 /* ARModels.scnassets */; };
		74FBC4F2233F8E6600B8B568 /* DataLoader.swift in Sources */ = {isa = PBXBuildFile; fileRef = 74FBC4F1233F8E6600B8B568 /* DataLoader.swift */; };
		74FBC4F4233F8ED900B8B568 /* ResponseFund.swift in Sources */ = {isa = PBXBuildFile; fileRef = 74FBC4F3233F8ED900B8B568 /* ResponseFund.swift */; };
		74FBC4F6233F910700B8B568 /* ResponceWildPoints.swift in Sources */ = {isa = PBXBuildFile; fileRef = 74FBC4F5233F910700B8B568 /* ResponceWildPoints.swift */; };
		74FBC4FA233F99EB00B8B568 /* Reachability.swift in Sources */ = {isa = PBXBuildFile; fileRef = 74FBC4F9233F99EB00B8B568 /* Reachability.swift */; };
		74FBC501233FD2E200B8B568 /* UserDefaultsManager.swift in Sources */ = {isa = PBXBuildFile; fileRef = 74FBC500233FD2E200B8B568 /* UserDefaultsManager.swift */; };
		74FBC503233FD97500B8B568 /* SuccessDonateViewController.swift in Sources */ = {isa = PBXBuildFile; fileRef = 74FBC502233FD97500B8B568 /* SuccessDonateViewController.swift */; };
		74FBC505233FDEDF00B8B568 /* SignInViewController.swift in Sources */ = {isa = PBXBuildFile; fileRef = 74FBC504233FDEDF00B8B568 /* SignInViewController.swift */; };
		74FBC507233FDEEF00B8B568 /* SignUpViewController.swift in Sources */ = {isa = PBXBuildFile; fileRef = 74FBC506233FDEEF00B8B568 /* SignUpViewController.swift */; };
		74FBC509233FE50A00B8B568 /* DataValidation.swift in Sources */ = {isa = PBXBuildFile; fileRef = 74FBC508233FE50A00B8B568 /* DataValidation.swift */; };
		74FBC50B233FE88100B8B568 /* RequestSignUp.swift in Sources */ = {isa = PBXBuildFile; fileRef = 74FBC50A233FE88100B8B568 /* RequestSignUp.swift */; };
		74FBC50D233FEECB00B8B568 /* ResponseAuth.swift in Sources */ = {isa = PBXBuildFile; fileRef = 74FBC50C233FEECB00B8B568 /* ResponseAuth.swift */; };
		74FBC50F233FF2C900B8B568 /* RequestSignIn.swift in Sources */ = {isa = PBXBuildFile; fileRef = 74FBC50E233FF2C900B8B568 /* RequestSignIn.swift */; };
		74FBC5112340138700B8B568 /* ProfileViewController.swift in Sources */ = {isa = PBXBuildFile; fileRef = 74FBC5102340138700B8B568 /* ProfileViewController.swift */; };
		74FBC5132340159500B8B568 /* MerchCollectionViewCell.swift in Sources */ = {isa = PBXBuildFile; fileRef = 74FBC5122340159500B8B568 /* MerchCollectionViewCell.swift */; };
		74FBC5152340178200B8B568 /* Merch.swift in Sources */ = {isa = PBXBuildFile; fileRef = 74FBC5142340178200B8B568 /* Merch.swift */; };
		74FBC5172340707900B8B568 /* RequestProfile.swift in Sources */ = {isa = PBXBuildFile; fileRef = 74FBC5162340707900B8B568 /* RequestProfile.swift */; };
		74FBC51923407DE000B8B568 /* RequestCreateWildPoint.swift in Sources */ = {isa = PBXBuildFile; fileRef = 74FBC51823407DE000B8B568 /* RequestCreateWildPoint.swift */; };
		74FBC51B23407E8F00B8B568 /* ResponseCreateWildPoint.swift in Sources */ = {isa = PBXBuildFile; fileRef = 74FBC51A23407E8F00B8B568 /* ResponseCreateWildPoint.swift */; };
		74FBC51D234086A300B8B568 /* RequestNearbyWildPoints.swift in Sources */ = {isa = PBXBuildFile; fileRef = 74FBC51C234086A300B8B568 /* RequestNearbyWildPoints.swift */; };
/* End PBXBuildFile section */

/* Begin PBXFileReference section */
		5A39A8DAED13AF41EFBA2646 /* Pods-WildCharity.debug.xcconfig */ = {isa = PBXFileReference; includeInIndex = 1; lastKnownFileType = text.xcconfig; name = "Pods-WildCharity.debug.xcconfig"; path = "Target Support Files/Pods-WildCharity/Pods-WildCharity.debug.xcconfig"; sourceTree = "<group>"; };
		7447C885233E6174002A8550 /* WildCharity.app */ = {isa = PBXFileReference; explicitFileType = wrapper.application; includeInIndex = 0; path = WildCharity.app; sourceTree = BUILT_PRODUCTS_DIR; };
		7447C888233E6174002A8550 /* AppDelegate.swift */ = {isa = PBXFileReference; lastKnownFileType = sourcecode.swift; path = AppDelegate.swift; sourceTree = "<group>"; };
		7447C88C233E6174002A8550 /* ViewController.swift */ = {isa = PBXFileReference; lastKnownFileType = sourcecode.swift; path = ViewController.swift; sourceTree = "<group>"; };
		7447C88F233E6174002A8550 /* Base */ = {isa = PBXFileReference; lastKnownFileType = file.storyboard; name = Base; path = Base.lproj/Main.storyboard; sourceTree = "<group>"; };
		7447C891233E6174002A8550 /* Assets.xcassets */ = {isa = PBXFileReference; lastKnownFileType = folder.assetcatalog; path = Assets.xcassets; sourceTree = "<group>"; };
		7447C894233E6174002A8550 /* Base */ = {isa = PBXFileReference; lastKnownFileType = file.storyboard; name = Base; path = Base.lproj/LaunchScreen.storyboard; sourceTree = "<group>"; };
		7447C896233E6174002A8550 /* Info.plist */ = {isa = PBXFileReference; lastKnownFileType = text.plist.xml; path = Info.plist; sourceTree = "<group>"; };
		7447C89E233E6759002A8550 /* FundCell.swift */ = {isa = PBXFileReference; lastKnownFileType = sourcecode.swift; path = FundCell.swift; sourceTree = "<group>"; };
		7447C8A0233E83D5002A8550 /* MapViewController.swift */ = {isa = PBXFileReference; lastKnownFileType = sourcecode.swift; path = MapViewController.swift; sourceTree = "<group>"; };
		7447C8A2233F2F87002A8550 /* ARKit.framework */ = {isa = PBXFileReference; lastKnownFileType = wrapper.framework; name = ARKit.framework; path = System/Library/Frameworks/ARKit.framework; sourceTree = SDKROOT; };
		7447C8A4233F4575002A8550 /* ARSessionViewController.swift */ = {isa = PBXFileReference; lastKnownFileType = sourcecode.swift; path = ARSessionViewController.swift; sourceTree = "<group>"; };
		7447C8A6233F5093002A8550 /* FundViewController.swift */ = {isa = PBXFileReference; lastKnownFileType = sourcecode.swift; path = FundViewController.swift; sourceTree = "<group>"; };
		74EE313F233F6F20007076C0 /* ARModels.scnassets */ = {isa = PBXFileReference; lastKnownFileType = wrapper.scnassets; path = ARModels.scnassets; sourceTree = "<group>"; };
		74FBC4F1233F8E6600B8B568 /* DataLoader.swift */ = {isa = PBXFileReference; lastKnownFileType = sourcecode.swift; path = DataLoader.swift; sourceTree = "<group>"; };
		74FBC4F3233F8ED900B8B568 /* ResponseFund.swift */ = {isa = PBXFileReference; lastKnownFileType = sourcecode.swift; path = ResponseFund.swift; sourceTree = "<group>"; };
		74FBC4F5233F910700B8B568 /* ResponceWildPoints.swift */ = {isa = PBXFileReference; lastKnownFileType = sourcecode.swift; path = ResponceWildPoints.swift; sourceTree = "<group>"; };
		74FBC4F9233F99EB00B8B568 /* Reachability.swift */ = {isa = PBXFileReference; lastKnownFileType = sourcecode.swift; path = Reachability.swift; sourceTree = "<group>"; };
		74FBC500233FD2E200B8B568 /* UserDefaultsManager.swift */ = {isa = PBXFileReference; lastKnownFileType = sourcecode.swift; path = UserDefaultsManager.swift; sourceTree = "<group>"; };
		74FBC502233FD97500B8B568 /* SuccessDonateViewController.swift */ = {isa = PBXFileReference; lastKnownFileType = sourcecode.swift; path = SuccessDonateViewController.swift; sourceTree = "<group>"; };
		74FBC504233FDEDF00B8B568 /* SignInViewController.swift */ = {isa = PBXFileReference; lastKnownFileType = sourcecode.swift; path = SignInViewController.swift; sourceTree = "<group>"; };
		74FBC506233FDEEF00B8B568 /* SignUpViewController.swift */ = {isa = PBXFileReference; lastKnownFileType = sourcecode.swift; path = SignUpViewController.swift; sourceTree = "<group>"; };
		74FBC508233FE50A00B8B568 /* DataValidation.swift */ = {isa = PBXFileReference; lastKnownFileType = sourcecode.swift; path = DataValidation.swift; sourceTree = "<group>"; };
		74FBC50A233FE88100B8B568 /* RequestSignUp.swift */ = {isa = PBXFileReference; lastKnownFileType = sourcecode.swift; path = RequestSignUp.swift; sourceTree = "<group>"; };
		74FBC50C233FEECB00B8B568 /* ResponseAuth.swift */ = {isa = PBXFileReference; lastKnownFileType = sourcecode.swift; path = ResponseAuth.swift; sourceTree = "<group>"; };
		74FBC50E233FF2C900B8B568 /* RequestSignIn.swift */ = {isa = PBXFileReference; lastKnownFileType = sourcecode.swift; path = RequestSignIn.swift; sourceTree = "<group>"; };
		74FBC5102340138700B8B568 /* ProfileViewController.swift */ = {isa = PBXFileReference; lastKnownFileType = sourcecode.swift; path = ProfileViewController.swift; sourceTree = "<group>"; };
		74FBC5122340159500B8B568 /* MerchCollectionViewCell.swift */ = {isa = PBXFileReference; lastKnownFileType = sourcecode.swift; path = MerchCollectionViewCell.swift; sourceTree = "<group>"; };
		74FBC5142340178200B8B568 /* Merch.swift */ = {isa = PBXFileReference; lastKnownFileType = sourcecode.swift; path = Merch.swift; sourceTree = "<group>"; };
		74FBC5162340707900B8B568 /* RequestProfile.swift */ = {isa = PBXFileReference; lastKnownFileType = sourcecode.swift; path = RequestProfile.swift; sourceTree = "<group>"; };
		74FBC51823407DE000B8B568 /* RequestCreateWildPoint.swift */ = {isa = PBXFileReference; lastKnownFileType = sourcecode.swift; path = RequestCreateWildPoint.swift; sourceTree = "<group>"; };
		74FBC51A23407E8F00B8B568 /* ResponseCreateWildPoint.swift */ = {isa = PBXFileReference; lastKnownFileType = sourcecode.swift; path = ResponseCreateWildPoint.swift; sourceTree = "<group>"; };
		74FBC51C234086A300B8B568 /* RequestNearbyWildPoints.swift */ = {isa = PBXFileReference; lastKnownFileType = sourcecode.swift; path = RequestNearbyWildPoints.swift; sourceTree = "<group>"; };
		9959E5E81B88A71C73276496 /* Pods_WildCharity.framework */ = {isa = PBXFileReference; explicitFileType = wrapper.framework; includeInIndex = 0; path = Pods_WildCharity.framework; sourceTree = BUILT_PRODUCTS_DIR; };
		FE80C1CE012397AE52976293 /* Pods-WildCharity.release.xcconfig */ = {isa = PBXFileReference; includeInIndex = 1; lastKnownFileType = text.xcconfig; name = "Pods-WildCharity.release.xcconfig"; path = "Target Support Files/Pods-WildCharity/Pods-WildCharity.release.xcconfig"; sourceTree = "<group>"; };
/* End PBXFileReference section */

/* Begin PBXFrameworksBuildPhase section */
		7447C882233E6174002A8550 /* Frameworks */ = {
			isa = PBXFrameworksBuildPhase;
			buildActionMask = 2147483647;
			files = (
				7447C8A3233F2F87002A8550 /* ARKit.framework in Frameworks */,
				1931E9CC5732A034E4241F7F /* Pods_WildCharity.framework in Frameworks */,
			);
			runOnlyForDeploymentPostprocessing = 0;
		};
/* End PBXFrameworksBuildPhase section */

/* Begin PBXGroup section */
		330F100E68B91E139EF1E967 /* Frameworks */ = {
			isa = PBXGroup;
			children = (
				7447C8A2233F2F87002A8550 /* ARKit.framework */,
				9959E5E81B88A71C73276496 /* Pods_WildCharity.framework */,
			);
			name = Frameworks;
			sourceTree = "<group>";
		};
		7447C87C233E6174002A8550 = {
			isa = PBXGroup;
			children = (
				7447C887233E6174002A8550 /* WildCharity */,
				7447C886233E6174002A8550 /* Products */,
				F056FA928D2B1C532F3C5259 /* Pods */,
				330F100E68B91E139EF1E967 /* Frameworks */,
			);
			sourceTree = "<group>";
		};
		7447C886233E6174002A8550 /* Products */ = {
			isa = PBXGroup;
			children = (
				7447C885233E6174002A8550 /* WildCharity.app */,
			);
			name = Products;
			sourceTree = "<group>";
		};
		7447C887233E6174002A8550 /* WildCharity */ = {
			isa = PBXGroup;
			children = (
				74FBC4FD233F9B1F00B8B568 /* Controllers */,
				74FBC4FC233F9B1900B8B568 /* Views */,
				74FBC4FB233F9B1000B8B568 /* Models */,
				7447C888233E6174002A8550 /* AppDelegate.swift */,
				7447C891233E6174002A8550 /* Assets.xcassets */,
				7447C893233E6174002A8550 /* LaunchScreen.storyboard */,
				7447C896233E6174002A8550 /* Info.plist */,
				74EE313F233F6F20007076C0 /* ARModels.scnassets */,
			);
			path = WildCharity;
			sourceTree = "<group>";
		};
		74FBC4FB233F9B1000B8B568 /* Models */ = {
			isa = PBXGroup;
			children = (
				74FBC4F1233F8E6600B8B568 /* DataLoader.swift */,
				74FBC4F3233F8ED900B8B568 /* ResponseFund.swift */,
				74FBC4F5233F910700B8B568 /* ResponceWildPoints.swift */,
				74FBC4F9233F99EB00B8B568 /* Reachability.swift */,
				74FBC500233FD2E200B8B568 /* UserDefaultsManager.swift */,
				74FBC508233FE50A00B8B568 /* DataValidation.swift */,
				74FBC50A233FE88100B8B568 /* RequestSignUp.swift */,
				74FBC50C233FEECB00B8B568 /* ResponseAuth.swift */,
				74FBC50E233FF2C900B8B568 /* RequestSignIn.swift */,
				74FBC5142340178200B8B568 /* Merch.swift */,
				74FBC5162340707900B8B568 /* RequestProfile.swift */,
				74FBC51823407DE000B8B568 /* RequestCreateWildPoint.swift */,
				74FBC51A23407E8F00B8B568 /* ResponseCreateWildPoint.swift */,
				74FBC51C234086A300B8B568 /* RequestNearbyWildPoints.swift */,
			);
			path = Models;
			sourceTree = "<group>";
		};
		74FBC4FC233F9B1900B8B568 /* Views */ = {
			isa = PBXGroup;
			children = (
				7447C89E233E6759002A8550 /* FundCell.swift */,
				7447C88E233E6174002A8550 /* Main.storyboard */,
				74FBC5122340159500B8B568 /* MerchCollectionViewCell.swift */,
			);
			path = Views;
			sourceTree = "<group>";
		};
		74FBC4FD233F9B1F00B8B568 /* Controllers */ = {
			isa = PBXGroup;
			children = (
				7447C88C233E6174002A8550 /* ViewController.swift */,
				7447C8A0233E83D5002A8550 /* MapViewController.swift */,
				7447C8A4233F4575002A8550 /* ARSessionViewController.swift */,
				7447C8A6233F5093002A8550 /* FundViewController.swift */,
				74FBC502233FD97500B8B568 /* SuccessDonateViewController.swift */,
				74FBC504233FDEDF00B8B568 /* SignInViewController.swift */,
				74FBC506233FDEEF00B8B568 /* SignUpViewController.swift */,
				74FBC5102340138700B8B568 /* ProfileViewController.swift */,
			);
			path = Controllers;
			sourceTree = "<group>";
		};
		F056FA928D2B1C532F3C5259 /* Pods */ = {
			isa = PBXGroup;
			children = (
				5A39A8DAED13AF41EFBA2646 /* Pods-WildCharity.debug.xcconfig */,
				FE80C1CE012397AE52976293 /* Pods-WildCharity.release.xcconfig */,
			);
			path = Pods;
			sourceTree = "<group>";
		};
/* End PBXGroup section */

/* Begin PBXNativeTarget section */
		7447C884233E6174002A8550 /* WildCharity */ = {
			isa = PBXNativeTarget;
			buildConfigurationList = 7447C899233E6174002A8550 /* Build configuration list for PBXNativeTarget "WildCharity" */;
			buildPhases = (
				9874CA9D9FD4D54D6847120C /* [CP] Check Pods Manifest.lock */,
				7447C881233E6174002A8550 /* Sources */,
				7447C882233E6174002A8550 /* Frameworks */,
				7447C883233E6174002A8550 /* Resources */,
				9B41B788C74E6FA7CD6FD8CB /* [CP] Copy Pods Resources */,
				8E06C968430007E58DA7B89B /* [CP] Embed Pods Frameworks */,
			);
			buildRules = (
			);
			dependencies = (
			);
			name = WildCharity;
			productName = WildCharity;
			productReference = 7447C885233E6174002A8550 /* WildCharity.app */;
			productType = "com.apple.product-type.application";
		};
/* End PBXNativeTarget section */

/* Begin PBXProject section */
		7447C87D233E6174002A8550 /* Project object */ = {
			isa = PBXProject;
			attributes = {
				LastSwiftUpdateCheck = 1100;
				LastUpgradeCheck = 1100;
				ORGANIZATIONNAME = EgorHristoforov;
				TargetAttributes = {
					7447C884233E6174002A8550 = {
						CreatedOnToolsVersion = 11.0;
					};
				};
			};
			buildConfigurationList = 7447C880233E6174002A8550 /* Build configuration list for PBXProject "WildCharity" */;
			compatibilityVersion = "Xcode 9.3";
			developmentRegion = en;
			hasScannedForEncodings = 0;
			knownRegions = (
				en,
				Base,
			);
			mainGroup = 7447C87C233E6174002A8550;
			productRefGroup = 7447C886233E6174002A8550 /* Products */;
			projectDirPath = "";
			projectRoot = "";
			targets = (
				7447C884233E6174002A8550 /* WildCharity */,
			);
		};
/* End PBXProject section */

/* Begin PBXResourcesBuildPhase section */
		7447C883233E6174002A8550 /* Resources */ = {
			isa = PBXResourcesBuildPhase;
			buildActionMask = 2147483647;
			files = (
				7447C895233E6174002A8550 /* LaunchScreen.storyboard in Resources */,
				7447C892233E6174002A8550 /* Assets.xcassets in Resources */,
				74EE3140233F6F20007076C0 /* ARModels.scnassets in Resources */,
				7447C890233E6174002A8550 /* Main.storyboard in Resources */,
			);
			runOnlyForDeploymentPostprocessing = 0;
		};
/* End PBXResourcesBuildPhase section */

/* Begin PBXShellScriptBuildPhase section */
		8E06C968430007E58DA7B89B /* [CP] Embed Pods Frameworks */ = {
			isa = PBXShellScriptBuildPhase;
			buildActionMask = 2147483647;
			files = (
			);
			inputFileListPaths = (
			);
			inputPaths = (
				"${PODS_ROOT}/Target Support Files/Pods-WildCharity/Pods-WildCharity-frameworks.sh",
				"${BUILT_PRODUCTS_DIR}/Alamofire/Alamofire.framework",
				"${BUILT_PRODUCTS_DIR}/Kingfisher/Kingfisher.framework",
			);
			name = "[CP] Embed Pods Frameworks";
			outputFileListPaths = (
			);
			outputPaths = (
				"${TARGET_BUILD_DIR}/${FRAMEWORKS_FOLDER_PATH}/Alamofire.framework",
				"${TARGET_BUILD_DIR}/${FRAMEWORKS_FOLDER_PATH}/Kingfisher.framework",
			);
			runOnlyForDeploymentPostprocessing = 0;
			shellPath = /bin/sh;
			shellScript = "\"${PODS_ROOT}/Target Support Files/Pods-WildCharity/Pods-WildCharity-frameworks.sh\"\n";
			showEnvVarsInLog = 0;
		};
		9874CA9D9FD4D54D6847120C /* [CP] Check Pods Manifest.lock */ = {
			isa = PBXShellScriptBuildPhase;
			buildActionMask = 2147483647;
			files = (
			);
			inputFileListPaths = (
			);
			inputPaths = (
				"${PODS_PODFILE_DIR_PATH}/Podfile.lock",
				"${PODS_ROOT}/Manifest.lock",
			);
			name = "[CP] Check Pods Manifest.lock";
			outputFileListPaths = (
			);
			outputPaths = (
				"$(DERIVED_FILE_DIR)/Pods-WildCharity-checkManifestLockResult.txt",
			);
			runOnlyForDeploymentPostprocessing = 0;
			shellPath = /bin/sh;
			shellScript = "diff \"${PODS_PODFILE_DIR_PATH}/Podfile.lock\" \"${PODS_ROOT}/Manifest.lock\" > /dev/null\nif [ $? != 0 ] ; then\n    # print error to STDERR\n    echo \"error: The sandbox is not in sync with the Podfile.lock. Run 'pod install' or update your CocoaPods installation.\" >&2\n    exit 1\nfi\n# This output is used by Xcode 'outputs' to avoid re-running this script phase.\necho \"SUCCESS\" > \"${SCRIPT_OUTPUT_FILE_0}\"\n";
			showEnvVarsInLog = 0;
		};
		9B41B788C74E6FA7CD6FD8CB /* [CP] Copy Pods Resources */ = {
			isa = PBXShellScriptBuildPhase;
			buildActionMask = 2147483647;
			files = (
			);
			inputFileListPaths = (
			);
			inputPaths = (
				"${PODS_ROOT}/Target Support Files/Pods-WildCharity/Pods-WildCharity-resources.sh",
				"${PODS_ROOT}/GoogleMaps/Maps/Frameworks/GoogleMaps.framework/Resources/GoogleMaps.bundle",
				"${PODS_ROOT}/GooglePlaces/Frameworks/GooglePlaces.framework/Resources/GooglePlaces.bundle",
			);
			name = "[CP] Copy Pods Resources";
			outputFileListPaths = (
			);
			outputPaths = (
				"${TARGET_BUILD_DIR}/${UNLOCALIZED_RESOURCES_FOLDER_PATH}/GoogleMaps.bundle",
				"${TARGET_BUILD_DIR}/${UNLOCALIZED_RESOURCES_FOLDER_PATH}/GooglePlaces.bundle",
			);
			runOnlyForDeploymentPostprocessing = 0;
			shellPath = /bin/sh;
			shellScript = "\"${PODS_ROOT}/Target Support Files/Pods-WildCharity/Pods-WildCharity-resources.sh\"\n";
			showEnvVarsInLog = 0;
		};
/* End PBXShellScriptBuildPhase section */

/* Begin PBXSourcesBuildPhase section */
		7447C881233E6174002A8550 /* Sources */ = {
			isa = PBXSourcesBuildPhase;
			buildActionMask = 2147483647;
			files = (
				7447C88D233E6174002A8550 /* ViewController.swift in Sources */,
				7447C89F233E6759002A8550 /* FundCell.swift in Sources */,
				74FBC4F2233F8E6600B8B568 /* DataLoader.swift in Sources */,
				74FBC50D233FEECB00B8B568 /* ResponseAuth.swift in Sources */,
				74FBC501233FD2E200B8B568 /* UserDefaultsManager.swift in Sources */,
				74FBC4F4233F8ED900B8B568 /* ResponseFund.swift in Sources */,
				74FBC5152340178200B8B568 /* Merch.swift in Sources */,
				74FBC51D234086A300B8B568 /* RequestNearbyWildPoints.swift in Sources */,
				74FBC5172340707900B8B568 /* RequestProfile.swift in Sources */,
				74FBC505233FDEDF00B8B568 /* SignInViewController.swift in Sources */,
				74FBC503233FD97500B8B568 /* SuccessDonateViewController.swift in Sources */,
				7447C889233E6174002A8550 /* AppDelegate.swift in Sources */,
				74FBC5112340138700B8B568 /* ProfileViewController.swift in Sources */,
				74FBC5132340159500B8B568 /* MerchCollectionViewCell.swift in Sources */,
				74FBC507233FDEEF00B8B568 /* SignUpViewController.swift in Sources */,
				7447C8A7233F5093002A8550 /* FundViewController.swift in Sources */,
				74FBC4FA233F99EB00B8B568 /* Reachability.swift in Sources */,
				74FBC509233FE50A00B8B568 /* DataValidation.swift in Sources */,
				74FBC51923407DE000B8B568 /* RequestCreateWildPoint.swift in Sources */,
				7447C8A1233E83D5002A8550 /* MapViewController.swift in Sources */,
				74FBC50B233FE88100B8B568 /* RequestSignUp.swift in Sources */,
				74FBC50F233FF2C900B8B568 /* RequestSignIn.swift in Sources */,
				74FBC51B23407E8F00B8B568 /* ResponseCreateWildPoint.swift in Sources */,
				74FBC4F6233F910700B8B568 /* ResponceWildPoints.swift in Sources */,
				7447C8A5233F4575002A8550 /* ARSessionViewController.swift in Sources */,
			);
			runOnlyForDeploymentPostprocessing = 0;
		};
/* End PBXSourcesBuildPhase section */

/* Begin PBXVariantGroup section */
		7447C88E233E6174002A8550 /* Main.storyboard */ = {
			isa = PBXVariantGroup;
			children = (
				7447C88F233E6174002A8550 /* Base */,
			);
			name = Main.storyboard;
			sourceTree = "<group>";
		};
		7447C893233E6174002A8550 /* LaunchScreen.storyboard */ = {
			isa = PBXVariantGroup;
			children = (
				7447C894233E6174002A8550 /* Base */,
			);
			name = LaunchScreen.storyboard;
			sourceTree = "<group>";
		};
/* End PBXVariantGroup section */

/* Begin XCBuildConfiguration section */
		7447C897233E6174002A8550 /* Debug */ = {
			isa = XCBuildConfiguration;
			buildSettings = {
				ALWAYS_SEARCH_USER_PATHS = NO;
				CLANG_ANALYZER_NONNULL = YES;
				CLANG_ANALYZER_NUMBER_OBJECT_CONVERSION = YES_AGGRESSIVE;
				CLANG_CXX_LANGUAGE_STANDARD = "gnu++14";
				CLANG_CXX_LIBRARY = "libc++";
				CLANG_ENABLE_MODULES = YES;
				CLANG_ENABLE_OBJC_ARC = YES;
				CLANG_ENABLE_OBJC_WEAK = YES;
				CLANG_WARN_BLOCK_CAPTURE_AUTORELEASING = YES;
				CLANG_WARN_BOOL_CONVERSION = YES;
				CLANG_WARN_COMMA = YES;
				CLANG_WARN_CONSTANT_CONVERSION = YES;
				CLANG_WARN_DEPRECATED_OBJC_IMPLEMENTATIONS = YES;
				CLANG_WARN_DIRECT_OBJC_ISA_USAGE = YES_ERROR;
				CLANG_WARN_DOCUMENTATION_COMMENTS = YES;
				CLANG_WARN_EMPTY_BODY = YES;
				CLANG_WARN_ENUM_CONVERSION = YES;
				CLANG_WARN_INFINITE_RECURSION = YES;
				CLANG_WARN_INT_CONVERSION = YES;
				CLANG_WARN_NON_LITERAL_NULL_CONVERSION = YES;
				CLANG_WARN_OBJC_IMPLICIT_RETAIN_SELF = YES;
				CLANG_WARN_OBJC_LITERAL_CONVERSION = YES;
				CLANG_WARN_OBJC_ROOT_CLASS = YES_ERROR;
				CLANG_WARN_RANGE_LOOP_ANALYSIS = YES;
				CLANG_WARN_STRICT_PROTOTYPES = YES;
				CLANG_WARN_SUSPICIOUS_MOVE = YES;
				CLANG_WARN_UNGUARDED_AVAILABILITY = YES_AGGRESSIVE;
				CLANG_WARN_UNREACHABLE_CODE = YES;
				CLANG_WARN__DUPLICATE_METHOD_MATCH = YES;
				COPY_PHASE_STRIP = NO;
				DEBUG_INFORMATION_FORMAT = dwarf;
				ENABLE_STRICT_OBJC_MSGSEND = YES;
				ENABLE_TESTABILITY = YES;
				GCC_C_LANGUAGE_STANDARD = gnu11;
				GCC_DYNAMIC_NO_PIC = NO;
				GCC_NO_COMMON_BLOCKS = YES;
				GCC_OPTIMIZATION_LEVEL = 0;
				GCC_PREPROCESSOR_DEFINITIONS = (
					"DEBUG=1",
					"$(inherited)",
				);
				GCC_WARN_64_TO_32_BIT_CONVERSION = YES;
				GCC_WARN_ABOUT_RETURN_TYPE = YES_ERROR;
				GCC_WARN_UNDECLARED_SELECTOR = YES;
				GCC_WARN_UNINITIALIZED_AUTOS = YES_AGGRESSIVE;
				GCC_WARN_UNUSED_FUNCTION = YES;
				GCC_WARN_UNUSED_VARIABLE = YES;
				IPHONEOS_DEPLOYMENT_TARGET = 13.0;
				MTL_ENABLE_DEBUG_INFO = INCLUDE_SOURCE;
				MTL_FAST_MATH = YES;
				ONLY_ACTIVE_ARCH = YES;
				SDKROOT = iphoneos;
				SWIFT_ACTIVE_COMPILATION_CONDITIONS = DEBUG;
				SWIFT_OPTIMIZATION_LEVEL = "-Onone";
			};
			name = Debug;
		};
		7447C898233E6174002A8550 /* Release */ = {
			isa = XCBuildConfiguration;
			buildSettings = {
				ALWAYS_SEARCH_USER_PATHS = NO;
				CLANG_ANALYZER_NONNULL = YES;
				CLANG_ANALYZER_NUMBER_OBJECT_CONVERSION = YES_AGGRESSIVE;
				CLANG_CXX_LANGUAGE_STANDARD = "gnu++14";
				CLANG_CXX_LIBRARY = "libc++";
				CLANG_ENABLE_MODULES = YES;
				CLANG_ENABLE_OBJC_ARC = YES;
				CLANG_ENABLE_OBJC_WEAK = YES;
				CLANG_WARN_BLOCK_CAPTURE_AUTORELEASING = YES;
				CLANG_WARN_BOOL_CONVERSION = YES;
				CLANG_WARN_COMMA = YES;
				CLANG_WARN_CONSTANT_CONVERSION = YES;
				CLANG_WARN_DEPRECATED_OBJC_IMPLEMENTATIONS = YES;
				CLANG_WARN_DIRECT_OBJC_ISA_USAGE = YES_ERROR;
				CLANG_WARN_DOCUMENTATION_COMMENTS = YES;
				CLANG_WARN_EMPTY_BODY = YES;
				CLANG_WARN_ENUM_CONVERSION = YES;
				CLANG_WARN_INFINITE_RECURSION = YES;
				CLANG_WARN_INT_CONVERSION = YES;
				CLANG_WARN_NON_LITERAL_NULL_CONVERSION = YES;
				CLANG_WARN_OBJC_IMPLICIT_RETAIN_SELF = YES;
				CLANG_WARN_OBJC_LITERAL_CONVERSION = YES;
				CLANG_WARN_OBJC_ROOT_CLASS = YES_ERROR;
				CLANG_WARN_RANGE_LOOP_ANALYSIS = YES;
				CLANG_WARN_STRICT_PROTOTYPES = YES;
				CLANG_WARN_SUSPICIOUS_MOVE = YES;
				CLANG_WARN_UNGUARDED_AVAILABILITY = YES_AGGRESSIVE;
				CLANG_WARN_UNREACHABLE_CODE = YES;
				CLANG_WARN__DUPLICATE_METHOD_MATCH = YES;
				COPY_PHASE_STRIP = NO;
				DEBUG_INFORMATION_FORMAT = "dwarf-with-dsym";
				ENABLE_NS_ASSERTIONS = NO;
				ENABLE_STRICT_OBJC_MSGSEND = YES;
				GCC_C_LANGUAGE_STANDARD = gnu11;
				GCC_NO_COMMON_BLOCKS = YES;
				GCC_WARN_64_TO_32_BIT_CONVERSION = YES;
				GCC_WARN_ABOUT_RETURN_TYPE = YES_ERROR;
				GCC_WARN_UNDECLARED_SELECTOR = YES;
				GCC_WARN_UNINITIALIZED_AUTOS = YES_AGGRESSIVE;
				GCC_WARN_UNUSED_FUNCTION = YES;
				GCC_WARN_UNUSED_VARIABLE = YES;
				IPHONEOS_DEPLOYMENT_TARGET = 13.0;
				MTL_ENABLE_DEBUG_INFO = NO;
				MTL_FAST_MATH = YES;
				SDKROOT = iphoneos;
				SWIFT_COMPILATION_MODE = wholemodule;
				SWIFT_OPTIMIZATION_LEVEL = "-O";
				VALIDATE_PRODUCT = YES;
			};
			name = Release;
		};
		7447C89A233E6174002A8550 /* Debug */ = {
			isa = XCBuildConfiguration;
			baseConfigurationReference = 5A39A8DAED13AF41EFBA2646 /* Pods-WildCharity.debug.xcconfig */;
			buildSettings = {
				ASSETCATALOG_COMPILER_APPICON_NAME = AppIcon;
				CODE_SIGN_STYLE = Automatic;
				DEVELOPMENT_TEAM = 7M5Y2NGZWP;
				INFOPLIST_FILE = WildCharity/Info.plist;
				IPHONEOS_DEPLOYMENT_TARGET = 12.0;
				LD_RUNPATH_SEARCH_PATHS = (
					"$(inherited)",
					"@executable_path/Frameworks",
				);
				PRODUCT_BUNDLE_IDENTIFIER = EgorHristoforov.WildCharity;
				PRODUCT_NAME = WildCharity;
				SWIFT_VERSION = 5.0;
				TARGETED_DEVICE_FAMILY = "1,2";
			};
			name = Debug;
		};
		7447C89B233E6174002A8550 /* Release */ = {
			isa = XCBuildConfiguration;
			baseConfigurationReference = FE80C1CE012397AE52976293 /* Pods-WildCharity.release.xcconfig */;
			buildSettings = {
				ASSETCATALOG_COMPILER_APPICON_NAME = AppIcon;
				CODE_SIGN_STYLE = Automatic;
				DEVELOPMENT_TEAM = 7M5Y2NGZWP;
				INFOPLIST_FILE = WildCharity/Info.plist;
				IPHONEOS_DEPLOYMENT_TARGET = 12.0;
				LD_RUNPATH_SEARCH_PATHS = (
					"$(inherited)",
					"@executable_path/Frameworks",
				);
				PRODUCT_BUNDLE_IDENTIFIER = EgorHristoforov.WildCharity;
				PRODUCT_NAME = WildCharity;
				SWIFT_VERSION = 5.0;
				TARGETED_DEVICE_FAMILY = "1,2";
			};
			name = Release;
		};
/* End XCBuildConfiguration section */

/* Begin XCConfigurationList section */
		7447C880233E6174002A8550 /* Build configuration list for PBXProject "WildCharity" */ = {
			isa = XCConfigurationList;
			buildConfigurations = (
				7447C897233E6174002A8550 /* Debug */,
				7447C898233E6174002A8550 /* Release */,
			);
			defaultConfigurationIsVisible = 0;
			defaultConfigurationName = Release;
		};
		7447C899233E6174002A8550 /* Build configuration list for PBXNativeTarget "WildCharity" */ = {
			isa = XCConfigurationList;
			buildConfigurations = (
				7447C89A233E6174002A8550 /* Debug */,
				7447C89B233E6174002A8550 /* Release */,
			);
			defaultConfigurationIsVisible = 0;
			defaultConfigurationName = Release;
		};
/* End XCConfigurationList section */
	};
	rootObject = 7447C87D233E6174002A8550 /* Project object */;
}
